// !$*UTF8*$!
{
	archiveVersion = 1;
	classes = {
	};
	objectVersion = 56;
	objects = {

/* Begin PBXBuildFile section */
		630F25FC2A51B23F00DBDF9F /* AppDelegate.swift in Sources */ = {isa = PBXBuildFile; fileRef = 630F25FB2A51B23F00DBDF9F /* AppDelegate.swift */; };
		630F25FE2A51B23F00DBDF9F /* SceneDelegate.swift in Sources */ = {isa = PBXBuildFile; fileRef = 630F25FD2A51B23F00DBDF9F /* SceneDelegate.swift */; };
		630F26002A51B23F00DBDF9F /* ViewController.swift in Sources */ = {isa = PBXBuildFile; fileRef = 630F25FF2A51B23F00DBDF9F /* ViewController.swift */; };
		630F26032A51B23F00DBDF9F /* Main.storyboard in Resources */ = {isa = PBXBuildFile; fileRef = 630F26012A51B23F00DBDF9F /* Main.storyboard */; };
		630F26052A51B24200DBDF9F /* Assets.xcassets in Resources */ = {isa = PBXBuildFile; fileRef = 630F26042A51B24200DBDF9F /* Assets.xcassets */; };
		630F26082A51B24200DBDF9F /* LaunchScreen.storyboard in Resources */ = {isa = PBXBuildFile; fileRef = 630F26062A51B24200DBDF9F /* LaunchScreen.storyboard */; };
		630F26102A51B45C00DBDF9F /* detailsVC.swift in Sources */ = {isa = PBXBuildFile; fileRef = 630F260F2A51B45C00DBDF9F /* detailsVC.swift */; };
		630F26122A51BAE500DBDF9F /* Simpson.swift in Sources */ = {isa = PBXBuildFile; fileRef = 630F26112A51BAE500DBDF9F /* Simpson.swift */; };
/* End PBXBuildFile section */

/* Begin PBXFileReference section */
		630F25F82A51B23F00DBDF9F /* SimpsonBook.app */ = {isa = PBXFileReference; explicitFileType = wrapper.application; includeInIndex = 0; path = SimpsonBook.app; sourceTree = BUILT_PRODUCTS_DIR; };
		630F25FB2A51B23F00DBDF9F /* AppDelegate.swift */ = {isa = PBXFileReference; lastKnownFileType = sourcecode.swift; path = AppDelegate.swift; sourceTree = "<group>"; };
		630F25FD2A51B23F00DBDF9F /* SceneDelegate.swift */ = {isa = PBXFileReference; lastKnownFileType = sourcecode.swift; path = SceneDelegate.swift; sourceTree = "<group>"; };
		630F25FF2A51B23F00DBDF9F /* ViewController.swift */ = {isa = PBXFileReference; lastKnownFileType = sourcecode.swift; path = ViewController.swift; sourceTree = "<group>"; };
		630F26022A51B23F00DBDF9F /* Base */ = {isa = PBXFileReference; lastKnownFileType = file.storyboard; name = Base; path = Base.lproj/Main.storyboard; sourceTree = "<group>"; };
		630F26042A51B24200DBDF9F /* Assets.xcassets */ = {isa = PBXFileReference; lastKnownFileType = folder.assetcatalog; path = Assets.xcassets; sourceTree = "<group>"; };
		630F26072A51B24200DBDF9F /* Base */ = {isa = PBXFileReference; lastKnownFileType = file.storyboard; name = Base; path = Base.lproj/LaunchScreen.storyboard; sourceTree = "<group>"; };
		630F26092A51B24200DBDF9F /* Info.plist */ = {isa = PBXFileReference; lastKnownFileType = text.plist.xml; path = Info.plist; sourceTree = "<group>"; };
		630F260F2A51B45C00DBDF9F /* detailsVC.swift */ = {isa = PBXFileReference; lastKnownFileType = sourcecode.swift; path = detailsVC.swift; sourceTree = "<group>"; };
		630F26112A51BAE500DBDF9F /* Simpson.swift */ = {isa = PBXFileReference; lastKnownFileType = sourcecode.swift; path = Simpson.swift; sourceTree = "<group>"; };
/* End PBXFileReference section */

/* Begin PBXFrameworksBuildPhase section */
		630F25F52A51B23F00DBDF9F /* Frameworks */ = {
			isa = PBXFrameworksBuildPhase;
			buildActionMask = 2147483647;
			files = (
			);
			runOnlyForDeploymentPostprocessing = 0;
		};
/* End PBXFrameworksBuildPhase section */

/* Begin PBXGroup section */
		630F25EF2A51B23F00DBDF9F = {
			isa = PBXGroup;
			children = (
				630F25FA2A51B23F00DBDF9F /* SimpsonBook */,
				630F25F92A51B23F00DBDF9F /* Products */,
			);
			sourceTree = "<group>";
		};
		630F25F92A51B23F00DBDF9F /* Products */ = {
			isa = PBXGroup;
			children = (
				630F25F82A51B23F00DBDF9F /* SimpsonBook.app */,
			);
			name = Products;
			sourceTree = "<group>";
		};
		630F25FA2A51B23F00DBDF9F /* SimpsonBook */ = {
			isa = PBXGroup;
			children = (
				630F25FB2A51B23F00DBDF9F /* AppDelegate.swift */,
				630F25FD2A51B23F00DBDF9F /* SceneDelegate.swift */,
				630F25FF2A51B23F00DBDF9F /* ViewController.swift */,
				630F260F2A51B45C00DBDF9F /* detailsVC.swift */,
				630F26112A51BAE500DBDF9F /* Simpson.swift */,
				630F26012A51B23F00DBDF9F /* Main.storyboard */,
				630F26042A51B24200DBDF9F /* Assets.xcassets */,
				630F26062A51B24200DBDF9F /* LaunchScreen.storyboard */,
				630F26092A51B24200DBDF9F /* Info.plist */,
			);
			path = SimpsonBook;
			sourceTree = "<group>";
		};
/* End PBXGroup section */

/* Begin PBXNativeTarget section */
		630F25F72A51B23F00DBDF9F /* SimpsonBook */ = {
			isa = PBXNativeTarget;
			buildConfigurationList = 630F260C2A51B24200DBDF9F /* Build configuration list for PBXNativeTarget "SimpsonBook" */;
			buildPhases = (
				630F25F42A51B23F00DBDF9F /* Sources */,
				630F25F52A51B23F00DBDF9F /* Frameworks */,
				630F25F62A51B23F00DBDF9F /* Resources */,
			);
			buildRules = (
			);
			dependencies = (
			);
			name = SimpsonBook;
			productName = SimpsonBook;
			productReference = 630F25F82A51B23F00DBDF9F /* SimpsonBook.app */;
			productType = "com.apple.product-type.application";
		};
/* End PBXNativeTarget section */

/* Begin PBXProject section */
		630F25F02A51B23F00DBDF9F /* Project object */ = {
			isa = PBXProject;
			attributes = {
				BuildIndependentTargetsInParallel = 1;
				LastSwiftUpdateCheck = 1420;
				LastUpgradeCheck = 1420;
				TargetAttributes = {
					630F25F72A51B23F00DBDF9F = {
						CreatedOnToolsVersion = 14.2;
					};
				};
			};
			buildConfigurationList = 630F25F32A51B23F00DBDF9F /* Build configuration list for PBXProject "SimpsonBook" */;
			compatibilityVersion = "Xcode 14.0";
			developmentRegion = en;
			hasScannedForEncodings = 0;
			knownRegions = (
				en,
				Base,
			);
			mainGroup = 630F25EF2A51B23F00DBDF9F;
			productRefGroup = 630F25F92A51B23F00DBDF9F /* Products */;
			projectDirPath = "";
			projectRoot = "";
			targets = (
				630F25F72A51B23F00DBDF9F /* SimpsonBook */,
			);
		};
/* End PBXProject section */

/* Begin PBXResourcesBuildPhase section */
		630F25F62A51B23F00DBDF9F /* Resources */ = {
			isa = PBXResourcesBuildPhase;
			buildActionMask = 2147483647;
			files = (
				630F26082A51B24200DBDF9F /* LaunchScreen.storyboard in Resources */,
				630F26052A51B24200DBDF9F /* Assets.xcassets in Resources */,
				630F26032A51B23F00DBDF9F /* Main.storyboard in Resources */,
			);
			runOnlyForDeploymentPostprocessing = 0;
		};
/* End PBXResourcesBuildPhase section */

/* Begin PBXSourcesBuildPhase section */
		630F25F42A51B23F00DBDF9F /* Sources */ = {
			isa = PBXSourcesBuildPhase;
			buildActionMask = 2147483647;
			files = (
				630F26002A51B23F00DBDF9F /* ViewController.swift in Sources */,
				630F26102A51B45C00DBDF9F /* detailsVC.swift in Sources */,
				630F25FC2A51B23F00DBDF9F /* AppDelegate.swift in Sources */,
				630F25FE2A51B23F00DBDF9F /* SceneDelegate.swift in Sources */,
				630F26122A51BAE500DBDF9F /* Simpson.swift in Sources */,
			);
			runOnlyForDeploymentPostprocessing = 0;
		};
/* End PBXSourcesBuildPhase section */

/* Begin PBXVariantGroup section */
		630F26012A51B23F00DBDF9F /* Main.storyboard */ = {
			isa = PBXVariantGroup;
			children = (
				630F26022A51B23F00DBDF9F /* Base */,
			);
			name = Main.storyboard;
			sourceTree = "<group>";
		};
		630F26062A51B24200DBDF9F /* LaunchScreen.storyboard */ = {
			isa = PBXVariantGroup;
			children = (
				630F26072A51B24200DBDF9F /* Base */,
			);
			name = LaunchScreen.storyboard;
			sourceTree = "<group>";
		};
/* End PBXVariantGroup section */

/* Begin XCBuildConfiguration section */
		630F260A2A51B24200DBDF9F /* Debug */ = {
			isa = XCBuildConfiguration;
			buildSettings = {
				ALWAYS_SEARCH_USER_PATHS = NO;
				CLANG_ANALYZER_NONNULL = YES;
				CLANG_ANALYZER_NUMBER_OBJECT_CONVERSION = YES_AGGRESSIVE;
				CLANG_CXX_LANGUAGE_STANDARD = "gnu++20";
				CLANG_ENABLE_MODULES = YES;
				CLANG_ENABLE_OBJC_ARC = YES;
				CLANG_ENABLE_OBJC_WEAK = YES;
				CLANG_WARN_BLOCK_CAPTURE_AUTORELEASING = YES;
				CLANG_WARN_BOOL_CONVERSION = YES;
				CLANG_WARN_COMMA = YES;
				CLANG_WARN_CONSTANT_CONVERSION = YES;
				CLANG_WARN_DEPRECATED_OBJC_IMPLEMENTATIONS = YES;
				CLANG_WARN_DIRECT_OBJC_ISA_USAGE = YES_ERROR;
				CLANG_WARN_DOCUMENTATION_COMMENTS = YES;
				CLANG_WARN_EMPTY_BODY = YES;
				CLANG_WARN_ENUM_CONVERSION = YES;
				CLANG_WARN_INFINITE_RECURSION = YES;
				CLANG_WARN_INT_CONVERSION = YES;
				CLANG_WARN_NON_LITERAL_NULL_CONVERSION = YES;
				CLANG_WARN_OBJC_IMPLICIT_RETAIN_SELF = YES;
				CLANG_WARN_OBJC_LITERAL_CONVERSION = YES;
				CLANG_WARN_OBJC_ROOT_CLASS = YES_ERROR;
				CLANG_WARN_QUOTED_INCLUDE_IN_FRAMEWORK_HEADER = YES;
				CLANG_WARN_RANGE_LOOP_ANALYSIS = YES;
				CLANG_WARN_STRICT_PROTOTYPES = YES;
				CLANG_WARN_SUSPICIOUS_MOVE = YES;
				CLANG_WARN_UNGUARDED_AVAILABILITY = YES_AGGRESSIVE;
				CLANG_WARN_UNREACHABLE_CODE = YES;
				CLANG_WARN__DUPLICATE_METHOD_MATCH = YES;
				COPY_PHASE_STRIP = NO;
				DEBUG_INFORMATION_FORMAT = dwarf;
				ENABLE_STRICT_OBJC_MSGSEND = YES;
				ENABLE_TESTABILITY = YES;
				GCC_C_LANGUAGE_STANDARD = gnu11;
				GCC_DYNAMIC_NO_PIC = NO;
				GCC_NO_COMMON_BLOCKS = YES;
				GCC_OPTIMIZATION_LEVEL = 0;
				GCC_PREPROCESSOR_DEFINITIONS = (
					"DEBUG=1",
					"$(inherited)",
				);
				GCC_WARN_64_TO_32_BIT_CONVERSION = YES;
				GCC_WARN_ABOUT_RETURN_TYPE = YES_ERROR;
				GCC_WARN_UNDECLARED_SELECTOR = YES;
				GCC_WARN_UNINITIALIZED_AUTOS = YES_AGGRESSIVE;
				GCC_WARN_UNUSED_FUNCTION = YES;
				GCC_WARN_UNUSED_VARIABLE = YES;
				IPHONEOS_DEPLOYMENT_TARGET = 16.2;
				MTL_ENABLE_DEBUG_INFO = INCLUDE_SOURCE;
				MTL_FAST_MATH = YES;
				ONLY_ACTIVE_ARCH = YES;
				SDKROOT = iphoneos;
				SWIFT_ACTIVE_COMPILATION_CONDITIONS = DEBUG;
				SWIFT_OPTIMIZATION_LEVEL = "-Onone";
			};
			name = Debug;
		};
		630F260B2A51B24200DBDF9F /* Release */ = {
			isa = XCBuildConfiguration;
			buildSettings = {
				ALWAYS_SEARCH_USER_PATHS = NO;
				CLANG_ANALYZER_NONNULL = YES;
				CLANG_ANALYZER_NUMBER_OBJECT_CONVERSION = YES_AGGRESSIVE;
				CLANG_CXX_LANGUAGE_STANDARD = "gnu++20";
				CLANG_ENABLE_MODULES = YES;
				CLANG_ENABLE_OBJC_ARC = YES;
				CLANG_ENABLE_OBJC_WEAK = YES;
				CLANG_WARN_BLOCK_CAPTURE_AUTORELEASING = YES;
				CLANG_WARN_BOOL_CONVERSION = YES;
				CLANG_WARN_COMMA = YES;
				CLANG_WARN_CONSTANT_CONVERSION = YES;
				CLANG_WARN_DEPRECATED_OBJC_IMPLEMENTATIONS = YES;
				CLANG_WARN_DIRECT_OBJC_ISA_USAGE = YES_ERROR;
				CLANG_WARN_DOCUMENTATION_COMMENTS = YES;
				CLANG_WARN_EMPTY_BODY = YES;
				CLANG_WARN_ENUM_CONVERSION = YES;
				CLANG_WARN_INFINITE_RECURSION = YES;
				CLANG_WARN_INT_CONVERSION = YES;
				CLANG_WARN_NON_LITERAL_NULL_CONVERSION = YES;
				CLANG_WARN_OBJC_IMPLICIT_RETAIN_SELF = YES;
				CLANG_WARN_OBJC_LITERAL_CONVERSION = YES;
				CLANG_WARN_OBJC_ROOT_CLASS = YES_ERROR;
				CLANG_WARN_QUOTED_INCLUDE_IN_FRAMEWORK_HEADER = YES;
				CLANG_WARN_RANGE_LOOP_ANALYSIS = YES;
				CLANG_WARN_STRICT_PROTOTYPES = YES;
				CLANG_WARN_SUSPICIOUS_MOVE = YES;
				CLANG_WARN_UNGUARDED_AVAILABILITY = YES_AGGRESSIVE;
				CLANG_WARN_UNREACHABLE_CODE = YES;
				CLANG_WARN__DUPLICATE_METHOD_MATCH = YES;
				COPY_PHASE_STRIP = NO;
				DEBUG_INFORMATION_FORMAT = "dwarf-with-dsym";
				ENABLE_NS_ASSERTIONS = NO;
				ENABLE_STRICT_OBJC_MSGSEND = YES;
				GCC_C_LANGUAGE_STANDARD = gnu11;
				GCC_NO_COMMON_BLOCKS = YES;
				GCC_WARN_64_TO_32_BIT_CONVERSION = YES;
				GCC_WARN_ABOUT_RETURN_TYPE = YES_ERROR;
				GCC_WARN_UNDECLARED_SELECTOR = YES;
				GCC_WARN_UNINITIALIZED_AUTOS = YES_AGGRESSIVE;
				GCC_WARN_UNUSED_FUNCTION = YES;
				GCC_WARN_UNUSED_VARIABLE = YES;
				IPHONEOS_DEPLOYMENT_TARGET = 16.2;
				MTL_ENABLE_DEBUG_INFO = NO;
				MTL_FAST_MATH = YES;
				SDKROOT = iphoneos;
				SWIFT_COMPILATION_MODE = wholemodule;
				SWIFT_OPTIMIZATION_LEVEL = "-O";
				VALIDATE_PRODUCT = YES;
			};
			name = Release;
		};
		630F260D2A51B24200DBDF9F /* Debug */ = {
			isa = XCBuildConfiguration;
			buildSettings = {
				ASSETCATALOG_COMPILER_APPICON_NAME = AppIcon;
				ASSETCATALOG_COMPILER_GLOBAL_ACCENT_COLOR_NAME = AccentColor;
				CODE_SIGN_STYLE = Automatic;
				CURRENT_PROJECT_VERSION = 1;
				DEVELOPMENT_TEAM = PF3BM28855;
				GENERATE_INFOPLIST_FILE = YES;
				INFOPLIST_FILE = SimpsonBook/Info.plist;
				INFOPLIST_KEY_UIApplicationSupportsIndirectInputEvents = YES;
				INFOPLIST_KEY_UILaunchStoryboardName = LaunchScreen;
				INFOPLIST_KEY_UIMainStoryboardFile = Main;
				INFOPLIST_KEY_UISupportedInterfaceOrientations_iPad = "UIInterfaceOrientationPortrait UIInterfaceOrientationPortraitUpsideDown UIInterfaceOrientationLandscapeLeft UIInterfaceOrientationLandscapeRight";
				INFOPLIST_KEY_UISupportedInterfaceOrientations_iPhone = "UIInterfaceOrientationPortrait UIInterfaceOrientationLandscapeLeft UIInterfaceOrientationLandscapeRight";
				LD_RUNPATH_SEARCH_PATHS = (
					"$(inherited)",
					"@executable_path/Frameworks",
				);
				MARKETING_VERSION = 1.0;
				PRODUCT_BUNDLE_IDENTIFIER = com.pelin.SimpsonBook;
				PRODUCT_NAME = "$(TARGET_NAME)";
				SWIFT_EMIT_LOC_STRINGS = YES;
				SWIFT_VERSION = 5.0;
				TARGETED_DEVICE_FAMILY = "1,2";
			};
			name = Debug;
		};
		630F260E2A51B24200DBDF9F /* Release */ = {
			isa = XCBuildConfiguration;
			buildSettings = {
				ASSETCATALOG_COMPILER_APPICON_NAME = AppIcon;
				ASSETCATALOG_COMPILER_GLOBAL_ACCENT_COLOR_NAME = AccentColor;
				CODE_SIGN_STYLE = Automatic;
				CURRENT_PROJECT_VERSION = 1;
				DEVELOPMENT_TEAM = PF3BM28855;
				GENERATE_INFOPLIST_FILE = YES;
				INFOPLIST_FILE = SimpsonBook/Info.plist;
				INFOPLIST_KEY_UIApplicationSupportsIndirectInputEvents = YES;
				INFOPLIST_KEY_UILaunchStoryboardName = LaunchScreen;
				INFOPLIST_KEY_UIMainStoryboardFile = Main;
				INFOPLIST_KEY_UISupportedInterfaceOrientations_iPad = "UIInterfaceOrientationPortrait UIInterfaceOrientationPortraitUpsideDown UIInterfaceOrientationLandscapeLeft UIInterfaceOrientationLandscapeRight";
				INFOPLIST_KEY_UISupportedInterfaceOrientations_iPhone = "UIInterfaceOrientationPortrait UIInterfaceOrientationLandscapeLeft UIInterfaceOrientationLandscapeRight";
				LD_RUNPATH_SEARCH_PATHS = (
					"$(inherited)",
					"@executable_path/Frameworks",
				);
				MARKETING_VERSION = 1.0;
				PRODUCT_BUNDLE_IDENTIFIER = com.pelin.SimpsonBook;
				PRODUCT_NAME = "$(TARGET_NAME)";
				SWIFT_EMIT_LOC_STRINGS = YES;
				SWIFT_VERSION = 5.0;
				TARGETED_DEVICE_FAMILY = "1,2";
			};
			name = Release;
		};
/* End XCBuildConfiguration section */

/* Begin XCConfigurationList section */
		630F25F32A51B23F00DBDF9F /* Build configuration list for PBXProject "SimpsonBook" */ = {
			isa = XCConfigurationList;
			buildConfigurations = (
				630F260A2A51B24200DBDF9F /* Debug */,
				630F260B2A51B24200DBDF9F /* Release */,
			);
			defaultConfigurationIsVisible = 0;
			defaultConfigurationName = Release;
		};
		630F260C2A51B24200DBDF9F /* Build configuration list for PBXNativeTarget "SimpsonBook" */ = {
			isa = XCConfigurationList;
			buildConfigurations = (
				630F260D2A51B24200DBDF9F /* Debug */,
				630F260E2A51B24200DBDF9F /* Release */,
			);
			defaultConfigurationIsVisible = 0;
			defaultConfigurationName = Release;
		};
/* End XCConfigurationList section */
	};
	rootObject = 630F25F02A51B23F00DBDF9F /* Project object */;
}
